
Microsoft Visual Studio Solution File, Format Version 12.00
Project("{FAE04EC0-301F-11D3-BF4B-00C04F79EFBC}") = "Decorator", "Decorator\Decorator.csproj", "{3B4B93D9-CD90-4303-B25F-4DDFFFC329E0}"
EndProject
Project("{FAE04EC0-301F-11D3-BF4B-00C04F79EFBC}") = "DecoratorUseCase", "DecoratorUseCase\DecoratorUseCase.csproj", "{3F20C655-E0EA-420B-8401-733998654604}"
EndProject
Global
	GlobalSection(SolutionConfigurationPlatforms) = preSolution
		Debug|Any CPU = Debug|Any CPU
		Release|Any CPU = Release|Any CPU
	EndGlobalSection
	GlobalSection(ProjectConfigurationPlatforms) = postSolution
		{3B4B93D9-CD90-4303-B25F-4DDFFFC329E0}.Debug|Any CPU.ActiveCfg = Debug|Any CPU
		{3B4B93D9-CD90-4303-B25F-4DDFFFC329E0}.Debug|Any CPU.Build.0 = Debug|Any CPU
		{3B4B93D9-CD90-4303-B25F-4DDFFFC329E0}.Release|Any CPU.ActiveCfg = Release|Any CPU
		{3B4B93D9-CD90-4303-B25F-4DDFFFC329E0}.Release|Any CPU.Build.0 = Release|Any CPU
		{3F20C655-E0EA-420B-8401-733998654604}.Debug|Any CPU.ActiveCfg = Debug|Any CPU
		{3F20C655-E0EA-420B-8401-733998654604}.Debug|Any CPU.Build.0 = Debug|Any CPU
		{3F20C655-E0EA-420B-8401-733998654604}.Release|Any CPU.ActiveCfg = Release|Any CPU
		{3F20C655-E0EA-420B-8401-733998654604}.Release|Any CPU.Build.0 = Release|Any CPU
	EndGlobalSection
EndGlobal
